
Microsoft Visual Studio Solution File, Format Version 12.00
# Visual Studio Version 17
VisualStudioVersion = 17.5.33424.131
MinimumVisualStudioVersion = 10.0.40219.1
Project("{FAE04EC0-301F-11D3-BF4B-00C04F79EFBC}") = "teste windows form", "teste windows form\teste windows form.csproj", "{EFCE0402-0F74-4B10-89DD-E0C5D5937F81}"
EndProject
Global
	GlobalSection(SolutionConfigurationPlatforms) = preSolution
		Debug|Any CPU = Debug|Any CPU
		Release|Any CPU = Release|Any CPU
	EndGlobalSection
	GlobalSection(ProjectConfigurationPlatforms) = postSolution
		{EFCE0402-0F74-4B10-89DD-E0C5D5937F81}.Debug|Any CPU.ActiveCfg = Debug|Any CPU
		{EFCE0402-0F74-4B10-89DD-E0C5D5937F81}.Debug|Any CPU.Build.0 = Debug|Any CPU
		{EFCE0402-0F74-4B10-89DD-E0C5D5937F81}.Release|Any CPU.ActiveCfg = Release|Any CPU
		{EFCE0402-0F74-4B10-89DD-E0C5D5937F81}.Release|Any CPU.Build.0 = Release|Any CPU
	EndGlobalSection
	GlobalSection(SolutionProperties) = preSolution
		HideSolutionNode = FALSE
	EndGlobalSection
	GlobalSection(ExtensibilityGlobals) = postSolution
		SolutionGuid = {44D1E08C-B100-4748-8F72-C6217C296ADD}
	EndGlobalSection
EndGlobal
